{
  "projects": [
    {
      "projectId": "9Vr5YWkf3w7jj6SsTcCEta",
      "version": "0.13.0",
      "dependencies": {},
      "lang": "ts",
      "fileLocks": [
        {
          "assetId": "9Vr5YWkf3w7jj6SsTcCEta",
          "type": "projectCss",
          "checksum": "1c02168c6b23256606111fdfdbb63549"
        }
      ],
      "codegenVersion": "0.0.1"
    },
    {
      "projectId": "84wxoth5npGrp6RRXPL88z",
      "version": "4.30.0",
      "dependencies": {},
      "lang": "ts",
      "fileLocks": [
        {
          "assetId": "84wxoth5npGrp6RRXPL88z",
          "checksum": "14e34fc8ee04382a88f671116234a1e3",
          "type": "globalContexts"
        },
        {
          "assetId": "84wxoth5npGrp6RRXPL88z",
          "type": "projectCss",
          "checksum": "aedf7b9afd779b089be209519ad30e96"
        }
      ],
      "codegenVersion": "0.0.1"
    },
    {
      "projectId": "sqPBLwEBBKHA2WDuGb17eV",
      "version": "2.4.0",
      "dependencies": {},
      "lang": "ts",
      "fileLocks": [
        {
          "type": "renderModule",
          "assetId": "5nirPCGmCnRD",
          "checksum": "8349abdc2d4e50b2af228bf309abc811"
        },
        {
          "type": "cssRules",
          "assetId": "5nirPCGmCnRD",
          "checksum": "8349abdc2d4e50b2af228bf309abc811"
        },
        {
          "type": "icon",
          "assetId": "Wyt3GMMsLefj",
          "checksum": "d2b1886763aa016780501d0c22f50b5e"
        },
        {
          "type": "icon",
          "assetId": "MbDRsJU0e3bw",
          "checksum": "92672aa6935120ebaac11939d8d127bb"
        },
        {
          "assetId": "sqPBLwEBBKHA2WDuGb17eV",
          "type": "projectCss",
          "checksum": "1c02168c6b23256606111fdfdbb63549"
        }
      ],
      "codegenVersion": "0.0.1"
    },
    {
      "projectId": "7nJ7UcFmq9UzB6eXfC5z4a",
      "version": "0.31.0",
      "dependencies": {},
      "lang": "ts",
      "fileLocks": [
        {
          "assetId": "7nJ7UcFmq9UzB6eXfC5z4a",
          "type": "projectCss",
          "checksum": "01e8cee5b9ce00fbc93f494c2a40dbf1"
        }
      ],
      "codegenVersion": "0.0.1"
    },
    {
      "projectId": "hjKYmYi6HMwK6TRyk7ew5R",
      "version": "6.42.0",
      "dependencies": {},
      "lang": "ts",
      "fileLocks": [
        {
          "assetId": "hjKYmYi6HMwK6TRyk7ew5R",
          "checksum": "ce1c1c4c2068f2505d175a1b6e17d26a",
          "type": "globalContexts"
        },
        {
          "assetId": "hjKYmYi6HMwK6TRyk7ew5R",
          "type": "projectCss",
          "checksum": "8261c92e439d6a43426690ea3cba615f"
        }
      ],
      "codegenVersion": "0.0.1"
    },
    {
      "projectId": "YUiM7yqBWAqsh8KSnrdj7",
      "version": "0.33.0",
      "dependencies": {},
      "lang": "ts",
      "fileLocks": [
        {
          "assetId": "YUiM7yqBWAqsh8KSnrdj7",
          "type": "projectCss",
          "checksum": "21b499a9da4edbc2266c72c2ba127787"
        }
      ],
      "codegenVersion": "0.0.1"
    },
    {
      "projectId": "ohDidvG9XsCeFumugENU3J",
      "version": "6.29.0",
      "dependencies": {},
      "lang": "ts",
      "fileLocks": [
        {
          "assetId": "ohDidvG9XsCeFumugENU3J",
          "checksum": "de0a0e65174a6a185a8f822af51c6bdd",
          "type": "globalContexts"
        },
        {
          "assetId": "ohDidvG9XsCeFumugENU3J",
          "type": "projectCss",
          "checksum": "ba2a60a163fca4f4d510275088a2be53"
        }
      ],
      "codegenVersion": "0.0.1"
    },
    {
      "projectId": "3m3vFk1dnCzZnwT8k489Jy",
      "version": "0.6.0",
      "dependencies": {},
      "lang": "ts",
      "fileLocks": [
        {
          "assetId": "3m3vFk1dnCzZnwT8k489Jy",
          "type": "projectCss",
          "checksum": "1c02168c6b23256606111fdfdbb63549"
        }
      ],
      "codegenVersion": "0.0.1"
    },
    {
      "projectId": "8PtdGodUbexNYgkuyBUcWu",
      "version": "3.27.0",
      "dependencies": {},
      "lang": "ts",
      "fileLocks": [
        {
          "assetId": "8PtdGodUbexNYgkuyBUcWu",
          "checksum": "34a063f27f0b27a7d1d344bc6b5252c5",
          "type": "globalContexts"
        },
        {
          "assetId": "8PtdGodUbexNYgkuyBUcWu",
          "type": "projectCss",
          "checksum": "9440f91b1e8169311ba244276a5922c3"
        }
      ],
      "codegenVersion": "0.0.1"
    },
    {
      "projectId": "caTPwKxj5ZrD9LQ7DMdK4Z",
      "version": "3.40.0",
      "dependencies": {},
      "lang": "ts",
      "fileLocks": [
        {
          "assetId": "caTPwKxj5ZrD9LQ7DMdK4Z",
          "type": "projectCss",
          "checksum": "1c02168c6b23256606111fdfdbb63549"
        }
      ],
      "codegenVersion": "0.0.1"
    },
    {
      "projectId": "58GpZjZCWTaJ8AUhpCwt2K",
      "version": "3.28.0",
      "dependencies": {},
      "lang": "ts",
      "fileLocks": [
        {
          "assetId": "58GpZjZCWTaJ8AUhpCwt2K",
          "type": "projectCss",
          "checksum": "f0469e206244772473ab64f50be898f9"
        }
      ],
      "codegenVersion": "0.0.1"
    },
    {
      "projectId": "r3ASNrnyvLLLAtDvzUioQ",
      "version": "4.8.0",
      "dependencies": {},
      "lang": "ts",
      "fileLocks": [
        {
          "assetId": "r3ASNrnyvLLLAtDvzUioQ",
          "type": "projectCss",
          "checksum": "1c02168c6b23256606111fdfdbb63549"
        }
      ],
      "codegenVersion": "0.0.1"
    },
    {
      "projectId": "9XM4zeTVVyXosWSTzSvkg2",
      "version": "latest",
      "dependencies": {
        "r3ASNrnyvLLLAtDvzUioQ": "4.8.0",
        "58GpZjZCWTaJ8AUhpCwt2K": "3.28.0",
        "caTPwKxj5ZrD9LQ7DMdK4Z": "3.40.0",
        "8PtdGodUbexNYgkuyBUcWu": "3.27.0",
        "3m3vFk1dnCzZnwT8k489Jy": "0.6.0",
        "ohDidvG9XsCeFumugENU3J": "6.29.0",
        "YUiM7yqBWAqsh8KSnrdj7": "0.33.0",
        "hjKYmYi6HMwK6TRyk7ew5R": "6.42.0",
        "7nJ7UcFmq9UzB6eXfC5z4a": "0.31.0",
        "sqPBLwEBBKHA2WDuGb17eV": "2.4.0",
        "84wxoth5npGrp6RRXPL88z": "4.30.0",
        "9Vr5YWkf3w7jj6SsTcCEta": "0.13.0"
      },
      "lang": "ts",
      "fileLocks": [
        {
          "type": "globalVariant",
          "assetId": "CzuL3-nBhJd9",
          "checksum": "e3a222b85621dbabd828f7eb1137006e"
        },
        {
          "assetId": "9XM4zeTVVyXosWSTzSvkg2",
          "checksum": "eddee85396e22d773559238c3a83ff69",
          "type": "globalContexts"
        },
        {
          "type": "renderModule",
          "assetId": "sv-gnnUt8_1e",
          "checksum": "7965486021f0bc0dab896a19ecc17109"
        },
        {
          "type": "cssRules",
          "assetId": "sv-gnnUt8_1e",
          "checksum": "7965486021f0bc0dab896a19ecc17109"
        },
        {
          "type": "renderModule",
          "assetId": "bBEpEb60SKxb",
          "checksum": "88e88c7ad8c2044490602e5fe0c1e915"
        },
        {
          "type": "cssRules",
          "assetId": "bBEpEb60SKxb",
          "checksum": "88e88c7ad8c2044490602e5fe0c1e915"
        },
        {
          "type": "renderModule",
          "assetId": "g5tc5CVcyBLV",
          "checksum": "235b999e0b81941604a3fc5d0c6b2fa7"
        },
        {
          "type": "cssRules",
          "assetId": "g5tc5CVcyBLV",
          "checksum": "235b999e0b81941604a3fc5d0c6b2fa7"
        },
        {
          "type": "renderModule",
          "assetId": "KQqibFRoHOLm",
          "checksum": "801fcb2aab93972265e06f7ff34a6adb"
        },
        {
          "type": "cssRules",
          "assetId": "KQqibFRoHOLm",
          "checksum": "801fcb2aab93972265e06f7ff34a6adb"
        },
        {
          "type": "renderModule",
          "assetId": "ewnk8ZUxnW_n",
          "checksum": "79cd2686ca592649576b23ab45f51ea8"
        },
        {
          "type": "cssRules",
          "assetId": "ewnk8ZUxnW_n",
          "checksum": "79cd2686ca592649576b23ab45f51ea8"
        },
        {
          "type": "renderModule",
          "assetId": "mZnYg1dSLNOU",
          "checksum": "9b8b1279d483b019b89ae79db7401535"
        },
        {
          "type": "cssRules",
          "assetId": "mZnYg1dSLNOU",
          "checksum": "9b8b1279d483b019b89ae79db7401535"
        },
        {
          "type": "renderModule",
          "assetId": "5Xn_beX2cxMf",
          "checksum": "7906589fdf9a06898d5a1c3d8864ff0e"
        },
        {
          "type": "cssRules",
          "assetId": "5Xn_beX2cxMf",
          "checksum": "7906589fdf9a06898d5a1c3d8864ff0e"
        },
        {
          "type": "renderModule",
          "assetId": "EFe7AN1SJF-h",
          "checksum": "79e1eb9f39698e198513e199075f79a3"
        },
        {
          "type": "cssRules",
          "assetId": "EFe7AN1SJF-h",
          "checksum": "79e1eb9f39698e198513e199075f79a3"
        },
        {
          "type": "renderModule",
          "assetId": "DrJSA5OOVl9F",
          "checksum": "a8578bed4a745ae3bade8caf60bba528"
        },
        {
          "type": "cssRules",
          "assetId": "DrJSA5OOVl9F",
          "checksum": "a8578bed4a745ae3bade8caf60bba528"
        },
        {
          "type": "renderModule",
          "assetId": "64vYeBp6_ssu",
          "checksum": "478f0a8c256486263d6055c09538a529"
        },
        {
          "type": "cssRules",
          "assetId": "64vYeBp6_ssu",
          "checksum": "478f0a8c256486263d6055c09538a529"
        },
        {
          "type": "renderModule",
          "assetId": "r0i5iKZJoiOv",
          "checksum": "92cf77dbcba743e2ef4eea9b065b8b4b"
        },
        {
          "type": "cssRules",
          "assetId": "r0i5iKZJoiOv",
          "checksum": "92cf77dbcba743e2ef4eea9b065b8b4b"
        },
        {
          "type": "renderModule",
          "assetId": "eijKd-XB1Gi1",
          "checksum": "79c681cd8184eadc796b178298c3e148"
        },
        {
          "type": "cssRules",
          "assetId": "eijKd-XB1Gi1",
          "checksum": "79c681cd8184eadc796b178298c3e148"
        },
        {
          "type": "renderModule",
          "assetId": "4mFHf-oFerNL",
          "checksum": "188568f61aedd975f0d0a9f03bb1fe82"
        },
        {
          "type": "cssRules",
          "assetId": "4mFHf-oFerNL",
          "checksum": "188568f61aedd975f0d0a9f03bb1fe82"
        },
        {
          "type": "icon",
          "assetId": "efBSNMGvhDhL",
          "checksum": "63046ab69d21a6c3f64d8d520ef7f177"
        },
        {
          "type": "icon",
          "assetId": "gTtU8L3eEdOF",
          "checksum": "470929ad9b81ddace6ab1853429823d5"
        },
        {
          "type": "icon",
          "assetId": "4wan28XXn4vG",
          "checksum": "128684a693690023791f61f6e3bdf649"
        },
        {
          "type": "icon",
          "assetId": "6f9EQoGW6q6m",
          "checksum": "80d8216aac15972fb41abc42419abc53"
        },
        {
          "type": "image",
          "assetId": "DXjsUKtP7DuR",
          "checksum": "c02ebeac7d5a7ab1e75670897b295fb1"
        },
        {
          "type": "image",
          "assetId": "x5kzWJf2AdFe",
          "checksum": "0ed184e584f7af4c9085ab7c14b36334"
        },
        {
          "type": "image",
          "assetId": "FD50jGII-jzS",
          "checksum": "94d45031a30bb6073ac58ea7902c36c6"
        },
        {
          "type": "image",
          "assetId": "abc6gkOflPEc",
          "checksum": "0d52b2ab75d7c79950e4336ddf30df73"
        },
        {
          "type": "image",
          "assetId": "UfHBmTSfa09y",
          "checksum": "cc1866da36ff0eafa295d4e0d072a4bb"
        },
        {
          "type": "image",
          "assetId": "s2DT12sgB-PN",
          "checksum": "a411c91fedc7e787144946f48ad1fc02"
        },
        {
          "type": "image",
          "assetId": "3vvqMOPCEmq8",
          "checksum": "5a41b18382460a520b0ded3f686872ee"
        },
        {
          "type": "image",
          "assetId": "y6N3NvvFq_wq",
          "checksum": "bf9ea090aa9d8551f148a09d673edb26"
        },
        {
          "type": "image",
          "assetId": "9JYV3W6esie7",
          "checksum": "ab395b55f4af118d04d20ccc78ca8192"
        },
        {
          "type": "image",
          "assetId": "y6rxYjnhNQLr",
          "checksum": "e8c32bf0624995b0804632605be3ee8a"
        },
        {
          "type": "image",
          "assetId": "1xAPlfhmz3Ks",
          "checksum": "fc821e605dc0044c9e61747fd28c713d"
        },
        {
          "type": "image",
          "assetId": "kBKgpMVKDg5a",
          "checksum": "3cff4fe7901ec6e09da7b9abb31c7b13"
        },
        {
          "type": "image",
          "assetId": "oQ_pONC-o5OP",
          "checksum": "228442b0c1ae4bc6f0a4b8c39191d982"
        },
        {
          "type": "image",
          "assetId": "Bd27_o5Av0ab",
          "checksum": "4c715271845dbce066f36dbb588a5dcf"
        },
        {
          "type": "image",
          "assetId": "j7awnFJnZcZs",
          "checksum": "3e2ba7333afc2c7ed97c19c939c04c0a"
        },
        {
          "type": "image",
          "assetId": "GGr1klqYFwo5",
          "checksum": "de38a8090459bf7a2df04e9714230b65"
        },
        {
          "type": "image",
          "assetId": "J3FLB8p7266g",
          "checksum": "b5fd2fbeda425389587ec981d7ba08bf"
        },
        {
          "type": "image",
          "assetId": "1U9zxTVodoy7",
          "checksum": "b03b05c2f364ae2a32cc1d6714501f5a"
        },
        {
          "type": "image",
          "assetId": "vOaHuSSq2fIu",
          "checksum": "5effbc3aafbe40b3650d36af420ef8de"
        },
        {
          "type": "renderModule",
          "assetId": "SOrV5Rhj1cpE",
          "checksum": "b3b9f0c5e7c43d16a3488fd706845b63"
        },
        {
          "type": "cssRules",
          "assetId": "SOrV5Rhj1cpE",
          "checksum": "b3b9f0c5e7c43d16a3488fd706845b63"
        },
        {
          "type": "image",
          "assetId": "2RwiDqoaGUva",
          "checksum": "754e0b3bb80a12f9de0927abf3cdf090"
        },
        {
          "assetId": "9XM4zeTVVyXosWSTzSvkg2",
          "type": "projectCss",
          "checksum": "178cf9eb191775d84a440b4bcf586793"
        }
      ],
      "codegenVersion": "0.0.1"
    }
  ],
  "cliVersion": "0.1.331"
}
