{
  "projects": [
    {
      "projectId": "9Vr5YWkf3w7jj6SsTcCEta",
      "version": "0.11.0",
      "dependencies": {},
      "lang": "ts",
      "fileLocks": [
        {
          "assetId": "9Vr5YWkf3w7jj6SsTcCEta",
          "type": "projectCss",
          "checksum": "e1ec850476829c38b0f9b6d4f7ac446a"
        }
      ],
      "codegenVersion": "0.0.1"
    },
    {
      "projectId": "84wxoth5npGrp6RRXPL88z",
      "version": "4.28.0",
      "dependencies": {},
      "lang": "ts",
      "fileLocks": [
        {
          "assetId": "84wxoth5npGrp6RRXPL88z",
          "checksum": "14e34fc8ee04382a88f671116234a1e3",
          "type": "globalContexts"
        },
        {
          "assetId": "84wxoth5npGrp6RRXPL88z",
          "type": "projectCss",
          "checksum": "d951314833b1846f4b7c384128792976"
        }
      ],
      "codegenVersion": "0.0.1"
    },
    {
      "projectId": "sqPBLwEBBKHA2WDuGb17eV",
      "version": "2.1.0",
      "dependencies": {},
      "lang": "ts",
      "fileLocks": [
        {
          "type": "renderModule",
          "assetId": "5nirPCGmCnRD",
          "checksum": "fd3c1fb813e8dbcf8e71b8e58c2f542a"
        },
        {
          "type": "cssRules",
          "assetId": "5nirPCGmCnRD",
          "checksum": "fd3c1fb813e8dbcf8e71b8e58c2f542a"
        },
        {
          "type": "icon",
          "assetId": "Wyt3GMMsLefj",
          "checksum": "d2b1886763aa016780501d0c22f50b5e"
        },
        {
          "type": "icon",
          "assetId": "MbDRsJU0e3bw",
          "checksum": "92672aa6935120ebaac11939d8d127bb"
        },
        {
          "assetId": "sqPBLwEBBKHA2WDuGb17eV",
          "type": "projectCss",
          "checksum": "e1ec850476829c38b0f9b6d4f7ac446a"
        }
      ],
      "codegenVersion": "0.0.1"
    },
    {
      "projectId": "7nJ7UcFmq9UzB6eXfC5z4a",
      "version": "0.29.0",
      "dependencies": {},
      "lang": "ts",
      "fileLocks": [
        {
          "assetId": "7nJ7UcFmq9UzB6eXfC5z4a",
          "type": "projectCss",
          "checksum": "05587b57f22f0ec8bb54543deb39762e"
        }
      ],
      "codegenVersion": "0.0.1"
    },
    {
      "projectId": "hjKYmYi6HMwK6TRyk7ew5R",
      "version": "6.40.0",
      "dependencies": {},
      "lang": "ts",
      "fileLocks": [
        {
          "assetId": "hjKYmYi6HMwK6TRyk7ew5R",
          "checksum": "ce1c1c4c2068f2505d175a1b6e17d26a",
          "type": "globalContexts"
        },
        {
          "assetId": "hjKYmYi6HMwK6TRyk7ew5R",
          "type": "projectCss",
          "checksum": "e76cee85e96cb3fff580d5552a47cfe4"
        }
      ],
      "codegenVersion": "0.0.1"
    },
    {
      "projectId": "YUiM7yqBWAqsh8KSnrdj7",
      "version": "0.30.0",
      "dependencies": {},
      "lang": "ts",
      "fileLocks": [
        {
          "assetId": "YUiM7yqBWAqsh8KSnrdj7",
          "type": "projectCss",
          "checksum": "dac72600b04b6e6a3014e82512a15fe1"
        }
      ],
      "codegenVersion": "0.0.1"
    },
    {
      "projectId": "ohDidvG9XsCeFumugENU3J",
      "version": "6.26.0",
      "dependencies": {},
      "lang": "ts",
      "fileLocks": [
        {
          "assetId": "ohDidvG9XsCeFumugENU3J",
          "checksum": "de0a0e65174a6a185a8f822af51c6bdd",
          "type": "globalContexts"
        },
        {
          "assetId": "ohDidvG9XsCeFumugENU3J",
          "type": "projectCss",
          "checksum": "fd83b730367fdbde2c69bc6cf31c2a3c"
        }
      ],
      "codegenVersion": "0.0.1"
    },
    {
      "projectId": "3m3vFk1dnCzZnwT8k489Jy",
      "version": "0.4.0",
      "dependencies": {},
      "lang": "ts",
      "fileLocks": [
        {
          "assetId": "3m3vFk1dnCzZnwT8k489Jy",
          "type": "projectCss",
          "checksum": "e1ec850476829c38b0f9b6d4f7ac446a"
        }
      ],
      "codegenVersion": "0.0.1"
    },
    {
      "projectId": "8PtdGodUbexNYgkuyBUcWu",
      "version": "3.25.0",
      "dependencies": {},
      "lang": "ts",
      "fileLocks": [
        {
          "assetId": "8PtdGodUbexNYgkuyBUcWu",
          "checksum": "34a063f27f0b27a7d1d344bc6b5252c5",
          "type": "globalContexts"
        },
        {
          "assetId": "8PtdGodUbexNYgkuyBUcWu",
          "type": "projectCss",
          "checksum": "078b5be9aa4a8ea2a39b36c771c25aaa"
        }
      ],
      "codegenVersion": "0.0.1"
    },
    {
      "projectId": "caTPwKxj5ZrD9LQ7DMdK4Z",
      "version": "3.38.0",
      "dependencies": {},
      "lang": "ts",
      "fileLocks": [
        {
          "assetId": "caTPwKxj5ZrD9LQ7DMdK4Z",
          "type": "projectCss",
          "checksum": "e1ec850476829c38b0f9b6d4f7ac446a"
        }
      ],
      "codegenVersion": "0.0.1"
    },
    {
      "projectId": "58GpZjZCWTaJ8AUhpCwt2K",
      "version": "3.26.0",
      "dependencies": {},
      "lang": "ts",
      "fileLocks": [
        {
          "assetId": "58GpZjZCWTaJ8AUhpCwt2K",
          "type": "projectCss",
          "checksum": "fd84921cc10936e6ceb458c2ae01c4bd"
        }
      ],
      "codegenVersion": "0.0.1"
    },
    {
      "projectId": "r3ASNrnyvLLLAtDvzUioQ",
      "version": "4.6.0",
      "dependencies": {},
      "lang": "ts",
      "fileLocks": [
        {
          "assetId": "r3ASNrnyvLLLAtDvzUioQ",
          "type": "projectCss",
          "checksum": "e1ec850476829c38b0f9b6d4f7ac446a"
        }
      ],
      "codegenVersion": "0.0.1"
    },
    {
      "projectId": "9XM4zeTVVyXosWSTzSvkg2",
      "version": "latest",
      "dependencies": {
        "r3ASNrnyvLLLAtDvzUioQ": "4.6.0",
        "58GpZjZCWTaJ8AUhpCwt2K": "3.26.0",
        "caTPwKxj5ZrD9LQ7DMdK4Z": "3.38.0",
        "8PtdGodUbexNYgkuyBUcWu": "3.25.0",
        "3m3vFk1dnCzZnwT8k489Jy": "0.4.0",
        "ohDidvG9XsCeFumugENU3J": "6.26.0",
        "YUiM7yqBWAqsh8KSnrdj7": "0.30.0",
        "hjKYmYi6HMwK6TRyk7ew5R": "6.40.0",
        "7nJ7UcFmq9UzB6eXfC5z4a": "0.29.0",
        "sqPBLwEBBKHA2WDuGb17eV": "2.1.0",
        "84wxoth5npGrp6RRXPL88z": "4.28.0",
        "9Vr5YWkf3w7jj6SsTcCEta": "0.11.0"
      },
      "lang": "ts",
      "fileLocks": [
        {
          "type": "globalVariant",
          "assetId": "CzuL3-nBhJd9",
          "checksum": "e3a222b85621dbabd828f7eb1137006e"
        },
        {
          "assetId": "9XM4zeTVVyXosWSTzSvkg2",
          "checksum": "eddee85396e22d773559238c3a83ff69",
          "type": "globalContexts"
        },
        {
          "type": "renderModule",
          "assetId": "sv-gnnUt8_1e",
          "checksum": "fb046a32ad38d83a2bca314824532f7c"
        },
        {
          "type": "cssRules",
          "assetId": "sv-gnnUt8_1e",
          "checksum": "fb046a32ad38d83a2bca314824532f7c"
        },
        {
          "type": "renderModule",
          "assetId": "bBEpEb60SKxb",
          "checksum": "55627dbbd566e29b4711551f5afeba23"
        },
        {
          "type": "cssRules",
          "assetId": "bBEpEb60SKxb",
          "checksum": "55627dbbd566e29b4711551f5afeba23"
        },
        {
          "type": "renderModule",
          "assetId": "g5tc5CVcyBLV",
          "checksum": "0df15402b4447fbe70e3412c035dca3f"
        },
        {
          "type": "cssRules",
          "assetId": "g5tc5CVcyBLV",
          "checksum": "0df15402b4447fbe70e3412c035dca3f"
        },
        {
          "type": "renderModule",
          "assetId": "KQqibFRoHOLm",
          "checksum": "6d65d1d0e436e526353fbae249bb9a40"
        },
        {
          "type": "cssRules",
          "assetId": "KQqibFRoHOLm",
          "checksum": "6d65d1d0e436e526353fbae249bb9a40"
        },
        {
          "type": "renderModule",
          "assetId": "ewnk8ZUxnW_n",
          "checksum": "7af6fa55652bfc0846575e4ffbb94348"
        },
        {
          "type": "cssRules",
          "assetId": "ewnk8ZUxnW_n",
          "checksum": "7af6fa55652bfc0846575e4ffbb94348"
        },
        {
          "type": "renderModule",
          "assetId": "mZnYg1dSLNOU",
          "checksum": "c7fcd495e5152617c4a882daeac434d5"
        },
        {
          "type": "cssRules",
          "assetId": "mZnYg1dSLNOU",
          "checksum": "c7fcd495e5152617c4a882daeac434d5"
        },
        {
          "type": "renderModule",
          "assetId": "5Xn_beX2cxMf",
          "checksum": "aba51fc39906d6b51908e646ceb009c0"
        },
        {
          "type": "cssRules",
          "assetId": "5Xn_beX2cxMf",
          "checksum": "aba51fc39906d6b51908e646ceb009c0"
        },
        {
          "type": "renderModule",
          "assetId": "EFe7AN1SJF-h",
          "checksum": "e6e5909dd3dbe57e24b9f4ae588c43e1"
        },
        {
          "type": "cssRules",
          "assetId": "EFe7AN1SJF-h",
          "checksum": "e6e5909dd3dbe57e24b9f4ae588c43e1"
        },
        {
          "type": "renderModule",
          "assetId": "DrJSA5OOVl9F",
          "checksum": "15cfcf3d60f17438234fcb35eafb9e28"
        },
        {
          "type": "cssRules",
          "assetId": "DrJSA5OOVl9F",
          "checksum": "15cfcf3d60f17438234fcb35eafb9e28"
        },
        {
          "type": "renderModule",
          "assetId": "64vYeBp6_ssu",
          "checksum": "12bc5f69e1f140bbda7114f859a2cede"
        },
        {
          "type": "cssRules",
          "assetId": "64vYeBp6_ssu",
          "checksum": "12bc5f69e1f140bbda7114f859a2cede"
        },
        {
          "type": "renderModule",
          "assetId": "r0i5iKZJoiOv",
          "checksum": "db7091181399686f404f156825074dd3"
        },
        {
          "type": "cssRules",
          "assetId": "r0i5iKZJoiOv",
          "checksum": "db7091181399686f404f156825074dd3"
        },
        {
          "type": "renderModule",
          "assetId": "eijKd-XB1Gi1",
          "checksum": "cd8cd80367328d6a9eba0c8949cf2543"
        },
        {
          "type": "cssRules",
          "assetId": "eijKd-XB1Gi1",
          "checksum": "cd8cd80367328d6a9eba0c8949cf2543"
        },
        {
          "type": "renderModule",
          "assetId": "4mFHf-oFerNL",
          "checksum": "13d270329bfe7e932e48ef4a712f5de7"
        },
        {
          "type": "cssRules",
          "assetId": "4mFHf-oFerNL",
          "checksum": "13d270329bfe7e932e48ef4a712f5de7"
        },
        {
          "type": "icon",
          "assetId": "efBSNMGvhDhL",
          "checksum": "63046ab69d21a6c3f64d8d520ef7f177"
        },
        {
          "type": "icon",
          "assetId": "gTtU8L3eEdOF",
          "checksum": "470929ad9b81ddace6ab1853429823d5"
        },
        {
          "type": "icon",
          "assetId": "4wan28XXn4vG",
          "checksum": "128684a693690023791f61f6e3bdf649"
        },
        {
          "type": "icon",
          "assetId": "6f9EQoGW6q6m",
          "checksum": "80d8216aac15972fb41abc42419abc53"
        },
        {
          "type": "image",
          "assetId": "DXjsUKtP7DuR",
          "checksum": "c02ebeac7d5a7ab1e75670897b295fb1"
        },
        {
          "type": "image",
          "assetId": "x5kzWJf2AdFe",
          "checksum": "0ed184e584f7af4c9085ab7c14b36334"
        },
        {
          "type": "image",
          "assetId": "FD50jGII-jzS",
          "checksum": "94d45031a30bb6073ac58ea7902c36c6"
        },
        {
          "type": "image",
          "assetId": "abc6gkOflPEc",
          "checksum": "0d52b2ab75d7c79950e4336ddf30df73"
        },
        {
          "type": "image",
          "assetId": "UfHBmTSfa09y",
          "checksum": "cc1866da36ff0eafa295d4e0d072a4bb"
        },
        {
          "type": "image",
          "assetId": "s2DT12sgB-PN",
          "checksum": "a411c91fedc7e787144946f48ad1fc02"
        },
        {
          "type": "image",
          "assetId": "3vvqMOPCEmq8",
          "checksum": "5a41b18382460a520b0ded3f686872ee"
        },
        {
          "type": "image",
          "assetId": "y6N3NvvFq_wq",
          "checksum": "bf9ea090aa9d8551f148a09d673edb26"
        },
        {
          "type": "image",
          "assetId": "9JYV3W6esie7",
          "checksum": "ab395b55f4af118d04d20ccc78ca8192"
        },
        {
          "type": "image",
          "assetId": "y6rxYjnhNQLr",
          "checksum": "e8c32bf0624995b0804632605be3ee8a"
        },
        {
          "type": "image",
          "assetId": "1xAPlfhmz3Ks",
          "checksum": "fc821e605dc0044c9e61747fd28c713d"
        },
        {
          "type": "image",
          "assetId": "kBKgpMVKDg5a",
          "checksum": "3cff4fe7901ec6e09da7b9abb31c7b13"
        },
        {
          "type": "image",
          "assetId": "oQ_pONC-o5OP",
          "checksum": "228442b0c1ae4bc6f0a4b8c39191d982"
        },
        {
          "type": "image",
          "assetId": "Bd27_o5Av0ab",
          "checksum": "4c715271845dbce066f36dbb588a5dcf"
        },
        {
          "type": "image",
          "assetId": "j7awnFJnZcZs",
          "checksum": "3e2ba7333afc2c7ed97c19c939c04c0a"
        },
        {
          "type": "image",
          "assetId": "GGr1klqYFwo5",
          "checksum": "de38a8090459bf7a2df04e9714230b65"
        },
        {
          "type": "image",
          "assetId": "J3FLB8p7266g",
          "checksum": "b5fd2fbeda425389587ec981d7ba08bf"
        },
        {
          "type": "image",
          "assetId": "1U9zxTVodoy7",
          "checksum": "b03b05c2f364ae2a32cc1d6714501f5a"
        },
        {
          "type": "image",
          "assetId": "vOaHuSSq2fIu",
          "checksum": "5effbc3aafbe40b3650d36af420ef8de"
        },
        {
          "type": "renderModule",
          "assetId": "SOrV5Rhj1cpE",
          "checksum": "a77e1bd544bedb09ab98e720c9784624"
        },
        {
          "type": "cssRules",
          "assetId": "SOrV5Rhj1cpE",
          "checksum": "a77e1bd544bedb09ab98e720c9784624"
        },
        {
          "type": "image",
          "assetId": "2RwiDqoaGUva",
          "checksum": "754e0b3bb80a12f9de0927abf3cdf090"
        },
        {
          "assetId": "9XM4zeTVVyXosWSTzSvkg2",
          "type": "projectCss",
          "checksum": "83545b372b5d8a4f99e5831c23bc3de3"
        }
      ],
      "codegenVersion": "0.0.1"
    }
  ],
  "cliVersion": "0.1.331"
}
